
Microsoft Visual Studio Solution File, Format Version 12.00
# Visual Studio 14
VisualStudioVersion = 14.0.25420.1
MinimumVisualStudioVersion = 10.0.40219.1
Project("{FAE04EC0-301F-11D3-BF4B-00C04F79EFBC}") = "FaceEmotionRecognition", "FaceEmotionRecognition\FaceEmotionRecognition\FaceEmotionRecognition.csproj", "{A10109FF-E6CC-4CE4-ABDE-5C9A749C7C71}"
EndProject
Project("{FAE04EC0-301F-11D3-BF4B-00C04F79EFBC}") = "FaceEmotionRecognition.Droid", "FaceEmotionRecognition\FaceEmotionRecognition.Droid\FaceEmotionRecognition.Droid.csproj", "{F8CC1B11-44FF-4F24-A471-5FD331120FC7}"
EndProject
Project("{FAE04EC0-301F-11D3-BF4B-00C04F79EFBC}") = "FaceEmotionRecognition.iOS", "FaceEmotionRecognition\FaceEmotionRecognition.iOS\FaceEmotionRecognition.iOS.csproj", "{BECFFE83-0276-42AF-B308-2A2337F09E6C}"
EndProject
Project("{FAE04EC0-301F-11D3-BF4B-00C04F79EFBC}") = "FaceEmotionRecognition.WinPhone", "FaceEmotionRecognition\FaceEmotionRecognition.WinPhone\FaceEmotionRecognition.WinPhone.csproj", "{D0856759-A80F-4648-BE79-6599259B4855}"
EndProject
Project("{FAE04EC0-301F-11D3-BF4B-00C04F79EFBC}") = "FaceEmotionRecognition.UWP", "FaceEmotionRecognition\FaceEmotionRecognition.UWP\FaceEmotionRecognition.UWP.csproj", "{B049902D-DBF4-40E0-9839-669E0C375EC6}"
EndProject
Project("{FAE04EC0-301F-11D3-BF4B-00C04F79EFBC}") = "FaceEmotionRecognition.Windows", "FaceEmotionRecognition\FaceEmotionRecognition.Windows\FaceEmotionRecognition.Windows.csproj", "{F9B27B85-A378-4D5E-9BCA-0389C25FA9CA}"
EndProject
Global
	GlobalSection(SolutionConfigurationPlatforms) = preSolution
		Ad-Hoc|Any CPU = Ad-Hoc|Any CPU
		Ad-Hoc|ARM = Ad-Hoc|ARM
		Ad-Hoc|iPhone = Ad-Hoc|iPhone
		Ad-Hoc|iPhoneSimulator = Ad-Hoc|iPhoneSimulator
		Ad-Hoc|x64 = Ad-Hoc|x64
		Ad-Hoc|x86 = Ad-Hoc|x86
		AppStore|Any CPU = AppStore|Any CPU
		AppStore|ARM = AppStore|ARM
		AppStore|iPhone = AppStore|iPhone
		AppStore|iPhoneSimulator = AppStore|iPhoneSimulator
		AppStore|x64 = AppStore|x64
		AppStore|x86 = AppStore|x86
		Debug|Any CPU = Debug|Any CPU
		Debug|ARM = Debug|ARM
		Debug|iPhone = Debug|iPhone
		Debug|iPhoneSimulator = Debug|iPhoneSimulator
		Debug|x64 = Debug|x64
		Debug|x86 = Debug|x86
		Release|Any CPU = Release|Any CPU
		Release|ARM = Release|ARM
		Release|iPhone = Release|iPhone
		Release|iPhoneSimulator = Release|iPhoneSimulator
		Release|x64 = Release|x64
		Release|x86 = Release|x86
	EndGlobalSection
	GlobalSection(ProjectConfigurationPlatforms) = postSolution
		{A10109FF-E6CC-4CE4-ABDE-5C9A749C7C71}.Ad-Hoc|Any CPU.ActiveCfg = Release|Any CPU
		{A10109FF-E6CC-4CE4-ABDE-5C9A749C7C71}.Ad-Hoc|Any CPU.Build.0 = Release|Any CPU
		{A10109FF-E6CC-4CE4-ABDE-5C9A749C7C71}.Ad-Hoc|ARM.ActiveCfg = Release|Any CPU
		{A10109FF-E6CC-4CE4-ABDE-5C9A749C7C71}.Ad-Hoc|ARM.Build.0 = Release|Any CPU
		{A10109FF-E6CC-4CE4-ABDE-5C9A749C7C71}.Ad-Hoc|iPhone.ActiveCfg = Release|Any CPU
		{A10109FF-E6CC-4CE4-ABDE-5C9A749C7C71}.Ad-Hoc|iPhone.Build.0 = Release|Any CPU
		{A10109FF-E6CC-4CE4-ABDE-5C9A749C7C71}.Ad-Hoc|iPhoneSimulator.ActiveCfg = Release|Any CPU
		{A10109FF-E6CC-4CE4-ABDE-5C9A749C7C71}.Ad-Hoc|iPhoneSimulator.Build.0 = Release|Any CPU
		{A10109FF-E6CC-4CE4-ABDE-5C9A749C7C71}.Ad-Hoc|x64.ActiveCfg = Release|Any CPU
		{A10109FF-E6CC-4CE4-ABDE-5C9A749C7C71}.Ad-Hoc|x64.Build.0 = Release|Any CPU
		{A10109FF-E6CC-4CE4-ABDE-5C9A749C7C71}.Ad-Hoc|x86.ActiveCfg = Release|Any CPU
		{A10109FF-E6CC-4CE4-ABDE-5C9A749C7C71}.Ad-Hoc|x86.Build.0 = Release|Any CPU
		{A10109FF-E6CC-4CE4-ABDE-5C9A749C7C71}.AppStore|Any CPU.ActiveCfg = Release|Any CPU
		{A10109FF-E6CC-4CE4-ABDE-5C9A749C7C71}.AppStore|Any CPU.Build.0 = Release|Any CPU
		{A10109FF-E6CC-4CE4-ABDE-5C9A749C7C71}.AppStore|ARM.ActiveCfg = Release|Any CPU
		{A10109FF-E6CC-4CE4-ABDE-5C9A749C7C71}.AppStore|ARM.Build.0 = Release|Any CPU
		{A10109FF-E6CC-4CE4-ABDE-5C9A749C7C71}.AppStore|iPhone.ActiveCfg = Release|Any CPU
		{A10109FF-E6CC-4CE4-ABDE-5C9A749C7C71}.AppStore|iPhone.Build.0 = Release|Any CPU
		{A10109FF-E6CC-4CE4-ABDE-5C9A749C7C71}.AppStore|iPhoneSimulator.ActiveCfg = Release|Any CPU
		{A10109FF-E6CC-4CE4-ABDE-5C9A749C7C71}.AppStore|iPhoneSimulator.Build.0 = Release|Any CPU
		{A10109FF-E6CC-4CE4-ABDE-5C9A749C7C71}.AppStore|x64.ActiveCfg = Release|Any CPU
		{A10109FF-E6CC-4CE4-ABDE-5C9A749C7C71}.AppStore|x64.Build.0 = Release|Any CPU
		{A10109FF-E6CC-4CE4-ABDE-5C9A749C7C71}.AppStore|x86.ActiveCfg = Release|Any CPU
		{A10109FF-E6CC-4CE4-ABDE-5C9A749C7C71}.AppStore|x86.Build.0 = Release|Any CPU
		{A10109FF-E6CC-4CE4-ABDE-5C9A749C7C71}.Debug|Any CPU.ActiveCfg = Debug|Any CPU
		{A10109FF-E6CC-4CE4-ABDE-5C9A749C7C71}.Debug|Any CPU.Build.0 = Debug|Any CPU
		{A10109FF-E6CC-4CE4-ABDE-5C9A749C7C71}.Debug|ARM.ActiveCfg = Debug|Any CPU
		{A10109FF-E6CC-4CE4-ABDE-5C9A749C7C71}.Debug|ARM.Build.0 = Debug|Any CPU
		{A10109FF-E6CC-4CE4-ABDE-5C9A749C7C71}.Debug|iPhone.ActiveCfg = Debug|Any CPU
		{A10109FF-E6CC-4CE4-ABDE-5C9A749C7C71}.Debug|iPhone.Build.0 = Debug|Any CPU
		{A10109FF-E6CC-4CE4-ABDE-5C9A749C7C71}.Debug|iPhoneSimulator.ActiveCfg = Debug|Any CPU
		{A10109FF-E6CC-4CE4-ABDE-5C9A749C7C71}.Debug|iPhoneSimulator.Build.0 = Debug|Any CPU
		{A10109FF-E6CC-4CE4-ABDE-5C9A749C7C71}.Debug|x64.ActiveCfg = Debug|Any CPU
		{A10109FF-E6CC-4CE4-ABDE-5C9A749C7C71}.Debug|x64.Build.0 = Debug|Any CPU
		{A10109FF-E6CC-4CE4-ABDE-5C9A749C7C71}.Debug|x86.ActiveCfg = Debug|Any CPU
		{A10109FF-E6CC-4CE4-ABDE-5C9A749C7C71}.Debug|x86.Build.0 = Debug|Any CPU
		{A10109FF-E6CC-4CE4-ABDE-5C9A749C7C71}.Release|Any CPU.ActiveCfg = Release|Any CPU
		{A10109FF-E6CC-4CE4-ABDE-5C9A749C7C71}.Release|Any CPU.Build.0 = Release|Any CPU
		{A10109FF-E6CC-4CE4-ABDE-5C9A749C7C71}.Release|ARM.ActiveCfg = Release|Any CPU
		{A10109FF-E6CC-4CE4-ABDE-5C9A749C7C71}.Release|ARM.Build.0 = Release|Any CPU
		{A10109FF-E6CC-4CE4-ABDE-5C9A749C7C71}.Release|iPhone.ActiveCfg = Release|Any CPU
		{A10109FF-E6CC-4CE4-ABDE-5C9A749C7C71}.Release|iPhone.Build.0 = Release|Any CPU
		{A10109FF-E6CC-4CE4-ABDE-5C9A749C7C71}.Release|iPhoneSimulator.ActiveCfg = Release|Any CPU
		{A10109FF-E6CC-4CE4-ABDE-5C9A749C7C71}.Release|iPhoneSimulator.Build.0 = Release|Any CPU
		{A10109FF-E6CC-4CE4-ABDE-5C9A749C7C71}.Release|x64.ActiveCfg = Release|Any CPU
		{A10109FF-E6CC-4CE4-ABDE-5C9A749C7C71}.Release|x64.Build.0 = Release|Any CPU
		{A10109FF-E6CC-4CE4-ABDE-5C9A749C7C71}.Release|x86.ActiveCfg = Release|Any CPU
		{A10109FF-E6CC-4CE4-ABDE-5C9A749C7C71}.Release|x86.Build.0 = Release|Any CPU
		{F8CC1B11-44FF-4F24-A471-5FD331120FC7}.Ad-Hoc|Any CPU.ActiveCfg = Release|Any CPU
		{F8CC1B11-44FF-4F24-A471-5FD331120FC7}.Ad-Hoc|Any CPU.Build.0 = Release|Any CPU
		{F8CC1B11-44FF-4F24-A471-5FD331120FC7}.Ad-Hoc|Any CPU.Deploy.0 = Release|Any CPU
		{F8CC1B11-44FF-4F24-A471-5FD331120FC7}.Ad-Hoc|ARM.ActiveCfg = Release|Any CPU
		{F8CC1B11-44FF-4F24-A471-5FD331120FC7}.Ad-Hoc|ARM.Build.0 = Release|Any CPU
		{F8CC1B11-44FF-4F24-A471-5FD331120FC7}.Ad-Hoc|ARM.Deploy.0 = Release|Any CPU
		{F8CC1B11-44FF-4F24-A471-5FD331120FC7}.Ad-Hoc|iPhone.ActiveCfg = Release|Any CPU
		{F8CC1B11-44FF-4F24-A471-5FD331120FC7}.Ad-Hoc|iPhone.Build.0 = Release|Any CPU
		{F8CC1B11-44FF-4F24-A471-5FD331120FC7}.Ad-Hoc|iPhone.Deploy.0 = Release|Any CPU
		{F8CC1B11-44FF-4F24-A471-5FD331120FC7}.Ad-Hoc|iPhoneSimulator.ActiveCfg = Release|Any CPU
		{F8CC1B11-44FF-4F24-A471-5FD331120FC7}.Ad-Hoc|iPhoneSimulator.Build.0 = Release|Any CPU
		{F8CC1B11-44FF-4F24-A471-5FD331120FC7}.Ad-Hoc|iPhoneSimulator.Deploy.0 = Release|Any CPU
		{F8CC1B11-44FF-4F24-A471-5FD331120FC7}.Ad-Hoc|x64.ActiveCfg = Release|Any CPU
		{F8CC1B11-44FF-4F24-A471-5FD331120FC7}.Ad-Hoc|x64.Build.0 = Release|Any CPU
		{F8CC1B11-44FF-4F24-A471-5FD331120FC7}.Ad-Hoc|x64.Deploy.0 = Release|Any CPU
		{F8CC1B11-44FF-4F24-A471-5FD331120FC7}.Ad-Hoc|x86.ActiveCfg = Release|Any CPU
		{F8CC1B11-44FF-4F24-A471-5FD331120FC7}.Ad-Hoc|x86.Build.0 = Release|Any CPU
		{F8CC1B11-44FF-4F24-A471-5FD331120FC7}.Ad-Hoc|x86.Deploy.0 = Release|Any CPU
		{F8CC1B11-44FF-4F24-A471-5FD331120FC7}.AppStore|Any CPU.ActiveCfg = Release|Any CPU
		{F8CC1B11-44FF-4F24-A471-5FD331120FC7}.AppStore|Any CPU.Build.0 = Release|Any CPU
		{F8CC1B11-44FF-4F24-A471-5FD331120FC7}.AppStore|Any CPU.Deploy.0 = Release|Any CPU
		{F8CC1B11-44FF-4F24-A471-5FD331120FC7}.AppStore|ARM.ActiveCfg = Release|Any CPU
		{F8CC1B11-44FF-4F24-A471-5FD331120FC7}.AppStore|ARM.Build.0 = Release|Any CPU
		{F8CC1B11-44FF-4F24-A471-5FD331120FC7}.AppStore|ARM.Deploy.0 = Release|Any CPU
		{F8CC1B11-44FF-4F24-A471-5FD331120FC7}.AppStore|iPhone.ActiveCfg = Release|Any CPU
		{F8CC1B11-44FF-4F24-A471-5FD331120FC7}.AppStore|iPhone.Build.0 = Release|Any CPU
		{F8CC1B11-44FF-4F24-A471-5FD331120FC7}.AppStore|iPhone.Deploy.0 = Release|Any CPU
		{F8CC1B11-44FF-4F24-A471-5FD331120FC7}.AppStore|iPhoneSimulator.ActiveCfg = Release|Any CPU
		{F8CC1B11-44FF-4F24-A471-5FD331120FC7}.AppStore|iPhoneSimulator.Build.0 = Release|Any CPU
		{F8CC1B11-44FF-4F24-A471-5FD331120FC7}.AppStore|iPhoneSimulator.Deploy.0 = Release|Any CPU
		{F8CC1B11-44FF-4F24-A471-5FD331120FC7}.AppStore|x64.ActiveCfg = Release|Any CPU
		{F8CC1B11-44FF-4F24-A471-5FD331120FC7}.AppStore|x64.Build.0 = Release|Any CPU
		{F8CC1B11-44FF-4F24-A471-5FD331120FC7}.AppStore|x64.Deploy.0 = Release|Any CPU
		{F8CC1B11-44FF-4F24-A471-5FD331120FC7}.AppStore|x86.ActiveCfg = Release|Any CPU
		{F8CC1B11-44FF-4F24-A471-5FD331120FC7}.AppStore|x86.Build.0 = Release|Any CPU
		{F8CC1B11-44FF-4F24-A471-5FD331120FC7}.AppStore|x86.Deploy.0 = Release|Any CPU
		{F8CC1B11-44FF-4F24-A471-5FD331120FC7}.Debug|Any CPU.ActiveCfg = Debug|Any CPU
		{F8CC1B11-44FF-4F24-A471-5FD331120FC7}.Debug|Any CPU.Build.0 = Debug|Any CPU
		{F8CC1B11-44FF-4F24-A471-5FD331120FC7}.Debug|Any CPU.Deploy.0 = Debug|Any CPU
		{F8CC1B11-44FF-4F24-A471-5FD331120FC7}.Debug|ARM.ActiveCfg = Debug|Any CPU
		{F8CC1B11-44FF-4F24-A471-5FD331120FC7}.Debug|ARM.Build.0 = Debug|Any CPU
		{F8CC1B11-44FF-4F24-A471-5FD331120FC7}.Debug|ARM.Deploy.0 = Debug|Any CPU
		{F8CC1B11-44FF-4F24-A471-5FD331120FC7}.Debug|iPhone.ActiveCfg = Debug|Any CPU
		{F8CC1B11-44FF-4F24-A471-5FD331120FC7}.Debug|iPhone.Build.0 = Debug|Any CPU
		{F8CC1B11-44FF-4F24-A471-5FD331120FC7}.Debug|iPhone.Deploy.0 = Debug|Any CPU
		{F8CC1B11-44FF-4F24-A471-5FD331120FC7}.Debug|iPhoneSimulator.ActiveCfg = Debug|Any CPU
		{F8CC1B11-44FF-4F24-A471-5FD331120FC7}.Debug|iPhoneSimulator.Build.0 = Debug|Any CPU
		{F8CC1B11-44FF-4F24-A471-5FD331120FC7}.Debug|iPhoneSimulator.Deploy.0 = Debug|Any CPU
		{F8CC1B11-44FF-4F24-A471-5FD331120FC7}.Debug|x64.ActiveCfg = Debug|Any CPU
		{F8CC1B11-44FF-4F24-A471-5FD331120FC7}.Debug|x64.Build.0 = Debug|Any CPU
		{F8CC1B11-44FF-4F24-A471-5FD331120FC7}.Debug|x64.Deploy.0 = Debug|Any CPU
		{F8CC1B11-44FF-4F24-A471-5FD331120FC7}.Debug|x86.ActiveCfg = Debug|Any CPU
		{F8CC1B11-44FF-4F24-A471-5FD331120FC7}.Debug|x86.Build.0 = Debug|Any CPU
		{F8CC1B11-44FF-4F24-A471-5FD331120FC7}.Debug|x86.Deploy.0 = Debug|Any CPU
		{F8CC1B11-44FF-4F24-A471-5FD331120FC7}.Release|Any CPU.ActiveCfg = Release|Any CPU
		{F8CC1B11-44FF-4F24-A471-5FD331120FC7}.Release|Any CPU.Build.0 = Release|Any CPU
		{F8CC1B11-44FF-4F24-A471-5FD331120FC7}.Release|Any CPU.Deploy.0 = Release|Any CPU
		{F8CC1B11-44FF-4F24-A471-5FD331120FC7}.Release|ARM.ActiveCfg = Release|Any CPU
		{F8CC1B11-44FF-4F24-A471-5FD331120FC7}.Release|ARM.Build.0 = Release|Any CPU
		{F8CC1B11-44FF-4F24-A471-5FD331120FC7}.Release|ARM.Deploy.0 = Release|Any CPU
		{F8CC1B11-44FF-4F24-A471-5FD331120FC7}.Release|iPhone.ActiveCfg = Release|Any CPU
		{F8CC1B11-44FF-4F24-A471-5FD331120FC7}.Release|iPhone.Build.0 = Release|Any CPU
		{F8CC1B11-44FF-4F24-A471-5FD331120FC7}.Release|iPhone.Deploy.0 = Release|Any CPU
		{F8CC1B11-44FF-4F24-A471-5FD331120FC7}.Release|iPhoneSimulator.ActiveCfg = Release|Any CPU
		{F8CC1B11-44FF-4F24-A471-5FD331120FC7}.Release|iPhoneSimulator.Build.0 = Release|Any CPU
		{F8CC1B11-44FF-4F24-A471-5FD331120FC7}.Release|iPhoneSimulator.Deploy.0 = Release|Any CPU
		{F8CC1B11-44FF-4F24-A471-5FD331120FC7}.Release|x64.ActiveCfg = Release|Any CPU
		{F8CC1B11-44FF-4F24-A471-5FD331120FC7}.Release|x64.Build.0 = Release|Any CPU
		{F8CC1B11-44FF-4F24-A471-5FD331120FC7}.Release|x64.Deploy.0 = Release|Any CPU
		{F8CC1B11-44FF-4F24-A471-5FD331120FC7}.Release|x86.ActiveCfg = Release|Any CPU
		{F8CC1B11-44FF-4F24-A471-5FD331120FC7}.Release|x86.Build.0 = Release|Any CPU
		{F8CC1B11-44FF-4F24-A471-5FD331120FC7}.Release|x86.Deploy.0 = Release|Any CPU
		{BECFFE83-0276-42AF-B308-2A2337F09E6C}.Ad-Hoc|Any CPU.ActiveCfg = Ad-Hoc|iPhone
		{BECFFE83-0276-42AF-B308-2A2337F09E6C}.Ad-Hoc|ARM.ActiveCfg = Ad-Hoc|iPhone
		{BECFFE83-0276-42AF-B308-2A2337F09E6C}.Ad-Hoc|iPhone.ActiveCfg = Ad-Hoc|iPhone
		{BECFFE83-0276-42AF-B308-2A2337F09E6C}.Ad-Hoc|iPhone.Build.0 = Ad-Hoc|iPhone
		{BECFFE83-0276-42AF-B308-2A2337F09E6C}.Ad-Hoc|iPhoneSimulator.ActiveCfg = Ad-Hoc|iPhoneSimulator
		{BECFFE83-0276-42AF-B308-2A2337F09E6C}.Ad-Hoc|iPhoneSimulator.Build.0 = Ad-Hoc|iPhoneSimulator
		{BECFFE83-0276-42AF-B308-2A2337F09E6C}.Ad-Hoc|x64.ActiveCfg = Ad-Hoc|iPhone
		{BECFFE83-0276-42AF-B308-2A2337F09E6C}.Ad-Hoc|x86.ActiveCfg = Ad-Hoc|iPhone
		{BECFFE83-0276-42AF-B308-2A2337F09E6C}.AppStore|Any CPU.ActiveCfg = AppStore|iPhone
		{BECFFE83-0276-42AF-B308-2A2337F09E6C}.AppStore|ARM.ActiveCfg = AppStore|iPhone
		{BECFFE83-0276-42AF-B308-2A2337F09E6C}.AppStore|iPhone.ActiveCfg = AppStore|iPhone
		{BECFFE83-0276-42AF-B308-2A2337F09E6C}.AppStore|iPhone.Build.0 = AppStore|iPhone
		{BECFFE83-0276-42AF-B308-2A2337F09E6C}.AppStore|iPhoneSimulator.ActiveCfg = AppStore|iPhoneSimulator
		{BECFFE83-0276-42AF-B308-2A2337F09E6C}.AppStore|iPhoneSimulator.Build.0 = AppStore|iPhoneSimulator
		{BECFFE83-0276-42AF-B308-2A2337F09E6C}.AppStore|x64.ActiveCfg = AppStore|iPhone
		{BECFFE83-0276-42AF-B308-2A2337F09E6C}.AppStore|x86.ActiveCfg = AppStore|iPhone
		{BECFFE83-0276-42AF-B308-2A2337F09E6C}.Debug|Any CPU.ActiveCfg = Debug|iPhone
		{BECFFE83-0276-42AF-B308-2A2337F09E6C}.Debug|ARM.ActiveCfg = Debug|iPhone
		{BECFFE83-0276-42AF-B308-2A2337F09E6C}.Debug|iPhone.ActiveCfg = Debug|iPhone
		{BECFFE83-0276-42AF-B308-2A2337F09E6C}.Debug|iPhone.Build.0 = Debug|iPhone
		{BECFFE83-0276-42AF-B308-2A2337F09E6C}.Debug|iPhoneSimulator.ActiveCfg = Debug|iPhoneSimulator
		{BECFFE83-0276-42AF-B308-2A2337F09E6C}.Debug|iPhoneSimulator.Build.0 = Debug|iPhoneSimulator
		{BECFFE83-0276-42AF-B308-2A2337F09E6C}.Debug|x64.ActiveCfg = Debug|iPhone
		{BECFFE83-0276-42AF-B308-2A2337F09E6C}.Debug|x86.ActiveCfg = Debug|iPhone
		{BECFFE83-0276-42AF-B308-2A2337F09E6C}.Release|Any CPU.ActiveCfg = Release|iPhone
		{BECFFE83-0276-42AF-B308-2A2337F09E6C}.Release|ARM.ActiveCfg = Release|iPhone
		{BECFFE83-0276-42AF-B308-2A2337F09E6C}.Release|iPhone.ActiveCfg = Release|iPhone
		{BECFFE83-0276-42AF-B308-2A2337F09E6C}.Release|iPhone.Build.0 = Release|iPhone
		{BECFFE83-0276-42AF-B308-2A2337F09E6C}.Release|iPhoneSimulator.ActiveCfg = Release|iPhoneSimulator
		{BECFFE83-0276-42AF-B308-2A2337F09E6C}.Release|iPhoneSimulator.Build.0 = Release|iPhoneSimulator
		{BECFFE83-0276-42AF-B308-2A2337F09E6C}.Release|x64.ActiveCfg = Release|iPhone
		{BECFFE83-0276-42AF-B308-2A2337F09E6C}.Release|x86.ActiveCfg = Release|iPhone
		{D0856759-A80F-4648-BE79-6599259B4855}.Ad-Hoc|Any CPU.ActiveCfg = Release|Any CPU
		{D0856759-A80F-4648-BE79-6599259B4855}.Ad-Hoc|Any CPU.Build.0 = Release|Any CPU
		{D0856759-A80F-4648-BE79-6599259B4855}.Ad-Hoc|Any CPU.Deploy.0 = Release|Any CPU
		{D0856759-A80F-4648-BE79-6599259B4855}.Ad-Hoc|ARM.ActiveCfg = Release|ARM
		{D0856759-A80F-4648-BE79-6599259B4855}.Ad-Hoc|ARM.Build.0 = Release|ARM
		{D0856759-A80F-4648-BE79-6599259B4855}.Ad-Hoc|ARM.Deploy.0 = Release|ARM
		{D0856759-A80F-4648-BE79-6599259B4855}.Ad-Hoc|iPhone.ActiveCfg = Release|Any CPU
		{D0856759-A80F-4648-BE79-6599259B4855}.Ad-Hoc|iPhone.Build.0 = Release|Any CPU
		{D0856759-A80F-4648-BE79-6599259B4855}.Ad-Hoc|iPhone.Deploy.0 = Release|Any CPU
		{D0856759-A80F-4648-BE79-6599259B4855}.Ad-Hoc|iPhoneSimulator.ActiveCfg = Release|Any CPU
		{D0856759-A80F-4648-BE79-6599259B4855}.Ad-Hoc|iPhoneSimulator.Build.0 = Release|Any CPU
		{D0856759-A80F-4648-BE79-6599259B4855}.Ad-Hoc|iPhoneSimulator.Deploy.0 = Release|Any CPU
		{D0856759-A80F-4648-BE79-6599259B4855}.Ad-Hoc|x64.ActiveCfg = Release|Any CPU
		{D0856759-A80F-4648-BE79-6599259B4855}.Ad-Hoc|x64.Build.0 = Release|Any CPU
		{D0856759-A80F-4648-BE79-6599259B4855}.Ad-Hoc|x64.Deploy.0 = Release|Any CPU
		{D0856759-A80F-4648-BE79-6599259B4855}.Ad-Hoc|x86.ActiveCfg = Release|x86
		{D0856759-A80F-4648-BE79-6599259B4855}.Ad-Hoc|x86.Build.0 = Release|x86
		{D0856759-A80F-4648-BE79-6599259B4855}.Ad-Hoc|x86.Deploy.0 = Release|x86
		{D0856759-A80F-4648-BE79-6599259B4855}.AppStore|Any CPU.ActiveCfg = Release|Any CPU
		{D0856759-A80F-4648-BE79-6599259B4855}.AppStore|Any CPU.Build.0 = Release|Any CPU
		{D0856759-A80F-4648-BE79-6599259B4855}.AppStore|Any CPU.Deploy.0 = Release|Any CPU
		{D0856759-A80F-4648-BE79-6599259B4855}.AppStore|ARM.ActiveCfg = Release|ARM
		{D0856759-A80F-4648-BE79-6599259B4855}.AppStore|ARM.Build.0 = Release|ARM
		{D0856759-A80F-4648-BE79-6599259B4855}.AppStore|ARM.Deploy.0 = Release|ARM
		{D0856759-A80F-4648-BE79-6599259B4855}.AppStore|iPhone.ActiveCfg = Release|Any CPU
		{D0856759-A80F-4648-BE79-6599259B4855}.AppStore|iPhone.Build.0 = Release|Any CPU
		{D0856759-A80F-4648-BE79-6599259B4855}.AppStore|iPhone.Deploy.0 = Release|Any CPU
		{D0856759-A80F-4648-BE79-6599259B4855}.AppStore|iPhoneSimulator.ActiveCfg = Release|Any CPU
		{D0856759-A80F-4648-BE79-6599259B4855}.AppStore|iPhoneSimulator.Build.0 = Release|Any CPU
		{D0856759-A80F-4648-BE79-6599259B4855}.AppStore|iPhoneSimulator.Deploy.0 = Release|Any CPU
		{D0856759-A80F-4648-BE79-6599259B4855}.AppStore|x64.ActiveCfg = Release|Any CPU
		{D0856759-A80F-4648-BE79-6599259B4855}.AppStore|x64.Build.0 = Release|Any CPU
		{D0856759-A80F-4648-BE79-6599259B4855}.AppStore|x64.Deploy.0 = Release|Any CPU
		{D0856759-A80F-4648-BE79-6599259B4855}.AppStore|x86.ActiveCfg = Release|x86
		{D0856759-A80F-4648-BE79-6599259B4855}.AppStore|x86.Build.0 = Release|x86
		{D0856759-A80F-4648-BE79-6599259B4855}.AppStore|x86.Deploy.0 = Release|x86
		{D0856759-A80F-4648-BE79-6599259B4855}.Debug|Any CPU.ActiveCfg = Debug|Any CPU
		{D0856759-A80F-4648-BE79-6599259B4855}.Debug|Any CPU.Build.0 = Debug|Any CPU
		{D0856759-A80F-4648-BE79-6599259B4855}.Debug|Any CPU.Deploy.0 = Debug|Any CPU
		{D0856759-A80F-4648-BE79-6599259B4855}.Debug|ARM.ActiveCfg = Debug|ARM
		{D0856759-A80F-4648-BE79-6599259B4855}.Debug|ARM.Build.0 = Debug|ARM
		{D0856759-A80F-4648-BE79-6599259B4855}.Debug|ARM.Deploy.0 = Debug|ARM
		{D0856759-A80F-4648-BE79-6599259B4855}.Debug|iPhone.ActiveCfg = Debug|Any CPU
		{D0856759-A80F-4648-BE79-6599259B4855}.Debug|iPhone.Build.0 = Debug|Any CPU
		{D0856759-A80F-4648-BE79-6599259B4855}.Debug|iPhone.Deploy.0 = Debug|Any CPU
		{D0856759-A80F-4648-BE79-6599259B4855}.Debug|iPhoneSimulator.ActiveCfg = Debug|Any CPU
		{D0856759-A80F-4648-BE79-6599259B4855}.Debug|iPhoneSimulator.Build.0 = Debug|Any CPU
		{D0856759-A80F-4648-BE79-6599259B4855}.Debug|iPhoneSimulator.Deploy.0 = Debug|Any CPU
		{D0856759-A80F-4648-BE79-6599259B4855}.Debug|x64.ActiveCfg = Debug|Any CPU
		{D0856759-A80F-4648-BE79-6599259B4855}.Debug|x64.Build.0 = Debug|Any CPU
		{D0856759-A80F-4648-BE79-6599259B4855}.Debug|x64.Deploy.0 = Debug|Any CPU
		{D0856759-A80F-4648-BE79-6599259B4855}.Debug|x86.ActiveCfg = Debug|x86
		{D0856759-A80F-4648-BE79-6599259B4855}.Debug|x86.Build.0 = Debug|x86
		{D0856759-A80F-4648-BE79-6599259B4855}.Debug|x86.Deploy.0 = Debug|x86
		{D0856759-A80F-4648-BE79-6599259B4855}.Release|Any CPU.ActiveCfg = Release|Any CPU
		{D0856759-A80F-4648-BE79-6599259B4855}.Release|Any CPU.Build.0 = Release|Any CPU
		{D0856759-A80F-4648-BE79-6599259B4855}.Release|Any CPU.Deploy.0 = Release|Any CPU
		{D0856759-A80F-4648-BE79-6599259B4855}.Release|ARM.ActiveCfg = Release|ARM
		{D0856759-A80F-4648-BE79-6599259B4855}.Release|ARM.Build.0 = Release|ARM
		{D0856759-A80F-4648-BE79-6599259B4855}.Release|ARM.Deploy.0 = Release|ARM
		{D0856759-A80F-4648-BE79-6599259B4855}.Release|iPhone.ActiveCfg = Release|Any CPU
		{D0856759-A80F-4648-BE79-6599259B4855}.Release|iPhone.Build.0 = Release|Any CPU
		{D0856759-A80F-4648-BE79-6599259B4855}.Release|iPhone.Deploy.0 = Release|Any CPU
		{D0856759-A80F-4648-BE79-6599259B4855}.Release|iPhoneSimulator.ActiveCfg = Release|Any CPU
		{D0856759-A80F-4648-BE79-6599259B4855}.Release|iPhoneSimulator.Build.0 = Release|Any CPU
		{D0856759-A80F-4648-BE79-6599259B4855}.Release|iPhoneSimulator.Deploy.0 = Release|Any CPU
		{D0856759-A80F-4648-BE79-6599259B4855}.Release|x64.ActiveCfg = Release|Any CPU
		{D0856759-A80F-4648-BE79-6599259B4855}.Release|x64.Build.0 = Release|Any CPU
		{D0856759-A80F-4648-BE79-6599259B4855}.Release|x64.Deploy.0 = Release|Any CPU
		{D0856759-A80F-4648-BE79-6599259B4855}.Release|x86.ActiveCfg = Release|x86
		{D0856759-A80F-4648-BE79-6599259B4855}.Release|x86.Build.0 = Release|x86
		{D0856759-A80F-4648-BE79-6599259B4855}.Release|x86.Deploy.0 = Release|x86
		{B049902D-DBF4-40E0-9839-669E0C375EC6}.Ad-Hoc|Any CPU.ActiveCfg = Release|x86
		{B049902D-DBF4-40E0-9839-669E0C375EC6}.Ad-Hoc|Any CPU.Build.0 = Release|x86
		{B049902D-DBF4-40E0-9839-669E0C375EC6}.Ad-Hoc|Any CPU.Deploy.0 = Release|x86
		{B049902D-DBF4-40E0-9839-669E0C375EC6}.Ad-Hoc|ARM.ActiveCfg = Release|ARM
		{B049902D-DBF4-40E0-9839-669E0C375EC6}.Ad-Hoc|ARM.Build.0 = Release|ARM
		{B049902D-DBF4-40E0-9839-669E0C375EC6}.Ad-Hoc|ARM.Deploy.0 = Release|ARM
		{B049902D-DBF4-40E0-9839-669E0C375EC6}.Ad-Hoc|iPhone.ActiveCfg = Release|x86
		{B049902D-DBF4-40E0-9839-669E0C375EC6}.Ad-Hoc|iPhone.Build.0 = Release|x86
		{B049902D-DBF4-40E0-9839-669E0C375EC6}.Ad-Hoc|iPhone.Deploy.0 = Release|x86
		{B049902D-DBF4-40E0-9839-669E0C375EC6}.Ad-Hoc|iPhoneSimulator.ActiveCfg = Release|x86
		{B049902D-DBF4-40E0-9839-669E0C375EC6}.Ad-Hoc|iPhoneSimulator.Build.0 = Release|x86
		{B049902D-DBF4-40E0-9839-669E0C375EC6}.Ad-Hoc|iPhoneSimulator.Deploy.0 = Release|x86
		{B049902D-DBF4-40E0-9839-669E0C375EC6}.Ad-Hoc|x64.ActiveCfg = Release|x64
		{B049902D-DBF4-40E0-9839-669E0C375EC6}.Ad-Hoc|x64.Build.0 = Release|x64
		{B049902D-DBF4-40E0-9839-669E0C375EC6}.Ad-Hoc|x64.Deploy.0 = Release|x64
		{B049902D-DBF4-40E0-9839-669E0C375EC6}.Ad-Hoc|x86.ActiveCfg = Release|x86
		{B049902D-DBF4-40E0-9839-669E0C375EC6}.Ad-Hoc|x86.Build.0 = Release|x86
		{B049902D-DBF4-40E0-9839-669E0C375EC6}.Ad-Hoc|x86.Deploy.0 = Release|x86
		{B049902D-DBF4-40E0-9839-669E0C375EC6}.AppStore|Any CPU.ActiveCfg = Release|x86
		{B049902D-DBF4-40E0-9839-669E0C375EC6}.AppStore|Any CPU.Build.0 = Release|x86
		{B049902D-DBF4-40E0-9839-669E0C375EC6}.AppStore|Any CPU.Deploy.0 = Release|x86
		{B049902D-DBF4-40E0-9839-669E0C375EC6}.AppStore|ARM.ActiveCfg = Release|ARM
		{B049902D-DBF4-40E0-9839-669E0C375EC6}.AppStore|ARM.Build.0 = Release|ARM
		{B049902D-DBF4-40E0-9839-669E0C375EC6}.AppStore|ARM.Deploy.0 = Release|ARM
		{B049902D-DBF4-40E0-9839-669E0C375EC6}.AppStore|iPhone.ActiveCfg = Release|x86
		{B049902D-DBF4-40E0-9839-669E0C375EC6}.AppStore|iPhone.Build.0 = Release|x86
		{B049902D-DBF4-40E0-9839-669E0C375EC6}.AppStore|iPhone.Deploy.0 = Release|x86
		{B049902D-DBF4-40E0-9839-669E0C375EC6}.AppStore|iPhoneSimulator.ActiveCfg = Release|x86
		{B049902D-DBF4-40E0-9839-669E0C375EC6}.AppStore|iPhoneSimulator.Build.0 = Release|x86
		{B049902D-DBF4-40E0-9839-669E0C375EC6}.AppStore|iPhoneSimulator.Deploy.0 = Release|x86
		{B049902D-DBF4-40E0-9839-669E0C375EC6}.AppStore|x64.ActiveCfg = Release|x64
		{B049902D-DBF4-40E0-9839-669E0C375EC6}.AppStore|x64.Build.0 = Release|x64
		{B049902D-DBF4-40E0-9839-669E0C375EC6}.AppStore|x64.Deploy.0 = Release|x64
		{B049902D-DBF4-40E0-9839-669E0C375EC6}.AppStore|x86.ActiveCfg = Release|x86
		{B049902D-DBF4-40E0-9839-669E0C375EC6}.AppStore|x86.Build.0 = Release|x86
		{B049902D-DBF4-40E0-9839-669E0C375EC6}.AppStore|x86.Deploy.0 = Release|x86
		{B049902D-DBF4-40E0-9839-669E0C375EC6}.Debug|Any CPU.ActiveCfg = Debug|x86
		{B049902D-DBF4-40E0-9839-669E0C375EC6}.Debug|ARM.ActiveCfg = Debug|ARM
		{B049902D-DBF4-40E0-9839-669E0C375EC6}.Debug|ARM.Build.0 = Debug|ARM
		{B049902D-DBF4-40E0-9839-669E0C375EC6}.Debug|ARM.Deploy.0 = Debug|ARM
		{B049902D-DBF4-40E0-9839-669E0C375EC6}.Debug|iPhone.ActiveCfg = Debug|x86
		{B049902D-DBF4-40E0-9839-669E0C375EC6}.Debug|iPhoneSimulator.ActiveCfg = Debug|x86
		{B049902D-DBF4-40E0-9839-669E0C375EC6}.Debug|x64.ActiveCfg = Debug|x64
		{B049902D-DBF4-40E0-9839-669E0C375EC6}.Debug|x64.Build.0 = Debug|x64
		{B049902D-DBF4-40E0-9839-669E0C375EC6}.Debug|x64.Deploy.0 = Debug|x64
		{B049902D-DBF4-40E0-9839-669E0C375EC6}.Debug|x86.ActiveCfg = Debug|x86
		{B049902D-DBF4-40E0-9839-669E0C375EC6}.Debug|x86.Build.0 = Debug|x86
		{B049902D-DBF4-40E0-9839-669E0C375EC6}.Debug|x86.Deploy.0 = Debug|x86
		{B049902D-DBF4-40E0-9839-669E0C375EC6}.Release|Any CPU.ActiveCfg = Release|x86
		{B049902D-DBF4-40E0-9839-669E0C375EC6}.Release|ARM.ActiveCfg = Release|ARM
		{B049902D-DBF4-40E0-9839-669E0C375EC6}.Release|ARM.Build.0 = Release|ARM
		{B049902D-DBF4-40E0-9839-669E0C375EC6}.Release|ARM.Deploy.0 = Release|ARM
		{B049902D-DBF4-40E0-9839-669E0C375EC6}.Release|iPhone.ActiveCfg = Release|x86
		{B049902D-DBF4-40E0-9839-669E0C375EC6}.Release|iPhoneSimulator.ActiveCfg = Release|x86
		{B049902D-DBF4-40E0-9839-669E0C375EC6}.Release|x64.ActiveCfg = Release|x64
		{B049902D-DBF4-40E0-9839-669E0C375EC6}.Release|x64.Build.0 = Release|x64
		{B049902D-DBF4-40E0-9839-669E0C375EC6}.Release|x64.Deploy.0 = Release|x64
		{B049902D-DBF4-40E0-9839-669E0C375EC6}.Release|x86.ActiveCfg = Release|x86
		{B049902D-DBF4-40E0-9839-669E0C375EC6}.Release|x86.Build.0 = Release|x86
		{B049902D-DBF4-40E0-9839-669E0C375EC6}.Release|x86.Deploy.0 = Release|x86
		{F9B27B85-A378-4D5E-9BCA-0389C25FA9CA}.Ad-Hoc|Any CPU.ActiveCfg = Release|Any CPU
		{F9B27B85-A378-4D5E-9BCA-0389C25FA9CA}.Ad-Hoc|Any CPU.Build.0 = Release|Any CPU
		{F9B27B85-A378-4D5E-9BCA-0389C25FA9CA}.Ad-Hoc|Any CPU.Deploy.0 = Release|Any CPU
		{F9B27B85-A378-4D5E-9BCA-0389C25FA9CA}.Ad-Hoc|ARM.ActiveCfg = Release|ARM
		{F9B27B85-A378-4D5E-9BCA-0389C25FA9CA}.Ad-Hoc|ARM.Build.0 = Release|ARM
		{F9B27B85-A378-4D5E-9BCA-0389C25FA9CA}.Ad-Hoc|ARM.Deploy.0 = Release|ARM
		{F9B27B85-A378-4D5E-9BCA-0389C25FA9CA}.Ad-Hoc|iPhone.ActiveCfg = Release|Any CPU
		{F9B27B85-A378-4D5E-9BCA-0389C25FA9CA}.Ad-Hoc|iPhone.Build.0 = Release|Any CPU
		{F9B27B85-A378-4D5E-9BCA-0389C25FA9CA}.Ad-Hoc|iPhone.Deploy.0 = Release|Any CPU
		{F9B27B85-A378-4D5E-9BCA-0389C25FA9CA}.Ad-Hoc|iPhoneSimulator.ActiveCfg = Release|Any CPU
		{F9B27B85-A378-4D5E-9BCA-0389C25FA9CA}.Ad-Hoc|iPhoneSimulator.Build.0 = Release|Any CPU
		{F9B27B85-A378-4D5E-9BCA-0389C25FA9CA}.Ad-Hoc|iPhoneSimulator.Deploy.0 = Release|Any CPU
		{F9B27B85-A378-4D5E-9BCA-0389C25FA9CA}.Ad-Hoc|x64.ActiveCfg = Release|x64
		{F9B27B85-A378-4D5E-9BCA-0389C25FA9CA}.Ad-Hoc|x64.Build.0 = Release|x64
		{F9B27B85-A378-4D5E-9BCA-0389C25FA9CA}.Ad-Hoc|x64.Deploy.0 = Release|x64
		{F9B27B85-A378-4D5E-9BCA-0389C25FA9CA}.Ad-Hoc|x86.ActiveCfg = Release|x86
		{F9B27B85-A378-4D5E-9BCA-0389C25FA9CA}.Ad-Hoc|x86.Build.0 = Release|x86
		{F9B27B85-A378-4D5E-9BCA-0389C25FA9CA}.Ad-Hoc|x86.Deploy.0 = Release|x86
		{F9B27B85-A378-4D5E-9BCA-0389C25FA9CA}.AppStore|Any CPU.ActiveCfg = Release|Any CPU
		{F9B27B85-A378-4D5E-9BCA-0389C25FA9CA}.AppStore|Any CPU.Build.0 = Release|Any CPU
		{F9B27B85-A378-4D5E-9BCA-0389C25FA9CA}.AppStore|Any CPU.Deploy.0 = Release|Any CPU
		{F9B27B85-A378-4D5E-9BCA-0389C25FA9CA}.AppStore|ARM.ActiveCfg = Release|ARM
		{F9B27B85-A378-4D5E-9BCA-0389C25FA9CA}.AppStore|ARM.Build.0 = Release|ARM
		{F9B27B85-A378-4D5E-9BCA-0389C25FA9CA}.AppStore|ARM.Deploy.0 = Release|ARM
		{F9B27B85-A378-4D5E-9BCA-0389C25FA9CA}.AppStore|iPhone.ActiveCfg = Release|Any CPU
		{F9B27B85-A378-4D5E-9BCA-0389C25FA9CA}.AppStore|iPhone.Build.0 = Release|Any CPU
		{F9B27B85-A378-4D5E-9BCA-0389C25FA9CA}.AppStore|iPhone.Deploy.0 = Release|Any CPU
		{F9B27B85-A378-4D5E-9BCA-0389C25FA9CA}.AppStore|iPhoneSimulator.ActiveCfg = Release|Any CPU
		{F9B27B85-A378-4D5E-9BCA-0389C25FA9CA}.AppStore|iPhoneSimulator.Build.0 = Release|Any CPU
		{F9B27B85-A378-4D5E-9BCA-0389C25FA9CA}.AppStore|iPhoneSimulator.Deploy.0 = Release|Any CPU
		{F9B27B85-A378-4D5E-9BCA-0389C25FA9CA}.AppStore|x64.ActiveCfg = Release|x64
		{F9B27B85-A378-4D5E-9BCA-0389C25FA9CA}.AppStore|x64.Build.0 = Release|x64
		{F9B27B85-A378-4D5E-9BCA-0389C25FA9CA}.AppStore|x64.Deploy.0 = Release|x64
		{F9B27B85-A378-4D5E-9BCA-0389C25FA9CA}.AppStore|x86.ActiveCfg = Release|x86
		{F9B27B85-A378-4D5E-9BCA-0389C25FA9CA}.AppStore|x86.Build.0 = Release|x86
		{F9B27B85-A378-4D5E-9BCA-0389C25FA9CA}.AppStore|x86.Deploy.0 = Release|x86
		{F9B27B85-A378-4D5E-9BCA-0389C25FA9CA}.Debug|Any CPU.ActiveCfg = Debug|Any CPU
		{F9B27B85-A378-4D5E-9BCA-0389C25FA9CA}.Debug|Any CPU.Build.0 = Debug|Any CPU
		{F9B27B85-A378-4D5E-9BCA-0389C25FA9CA}.Debug|Any CPU.Deploy.0 = Debug|Any CPU
		{F9B27B85-A378-4D5E-9BCA-0389C25FA9CA}.Debug|ARM.ActiveCfg = Debug|ARM
		{F9B27B85-A378-4D5E-9BCA-0389C25FA9CA}.Debug|ARM.Build.0 = Debug|ARM
		{F9B27B85-A378-4D5E-9BCA-0389C25FA9CA}.Debug|ARM.Deploy.0 = Debug|ARM
		{F9B27B85-A378-4D5E-9BCA-0389C25FA9CA}.Debug|iPhone.ActiveCfg = Debug|Any CPU
		{F9B27B85-A378-4D5E-9BCA-0389C25FA9CA}.Debug|iPhone.Build.0 = Debug|Any CPU
		{F9B27B85-A378-4D5E-9BCA-0389C25FA9CA}.Debug|iPhone.Deploy.0 = Debug|Any CPU
		{F9B27B85-A378-4D5E-9BCA-0389C25FA9CA}.Debug|iPhoneSimulator.ActiveCfg = Debug|Any CPU
		{F9B27B85-A378-4D5E-9BCA-0389C25FA9CA}.Debug|iPhoneSimulator.Build.0 = Debug|Any CPU
		{F9B27B85-A378-4D5E-9BCA-0389C25FA9CA}.Debug|iPhoneSimulator.Deploy.0 = Debug|Any CPU
		{F9B27B85-A378-4D5E-9BCA-0389C25FA9CA}.Debug|x64.ActiveCfg = Debug|x64
		{F9B27B85-A378-4D5E-9BCA-0389C25FA9CA}.Debug|x64.Build.0 = Debug|x64
		{F9B27B85-A378-4D5E-9BCA-0389C25FA9CA}.Debug|x64.Deploy.0 = Debug|x64
		{F9B27B85-A378-4D5E-9BCA-0389C25FA9CA}.Debug|x86.ActiveCfg = Debug|x86
		{F9B27B85-A378-4D5E-9BCA-0389C25FA9CA}.Debug|x86.Build.0 = Debug|x86
		{F9B27B85-A378-4D5E-9BCA-0389C25FA9CA}.Debug|x86.Deploy.0 = Debug|x86
		{F9B27B85-A378-4D5E-9BCA-0389C25FA9CA}.Release|Any CPU.ActiveCfg = Release|Any CPU
		{F9B27B85-A378-4D5E-9BCA-0389C25FA9CA}.Release|Any CPU.Build.0 = Release|Any CPU
		{F9B27B85-A378-4D5E-9BCA-0389C25FA9CA}.Release|Any CPU.Deploy.0 = Release|Any CPU
		{F9B27B85-A378-4D5E-9BCA-0389C25FA9CA}.Release|ARM.ActiveCfg = Release|ARM
		{F9B27B85-A378-4D5E-9BCA-0389C25FA9CA}.Release|ARM.Build.0 = Release|ARM
		{F9B27B85-A378-4D5E-9BCA-0389C25FA9CA}.Release|ARM.Deploy.0 = Release|ARM
		{F9B27B85-A378-4D5E-9BCA-0389C25FA9CA}.Release|iPhone.ActiveCfg = Release|Any CPU
		{F9B27B85-A378-4D5E-9BCA-0389C25FA9CA}.Release|iPhone.Build.0 = Release|Any CPU
		{F9B27B85-A378-4D5E-9BCA-0389C25FA9CA}.Release|iPhone.Deploy.0 = Release|Any CPU
		{F9B27B85-A378-4D5E-9BCA-0389C25FA9CA}.Release|iPhoneSimulator.ActiveCfg = Release|Any CPU
		{F9B27B85-A378-4D5E-9BCA-0389C25FA9CA}.Release|iPhoneSimulator.Build.0 = Release|Any CPU
		{F9B27B85-A378-4D5E-9BCA-0389C25FA9CA}.Release|iPhoneSimulator.Deploy.0 = Release|Any CPU
		{F9B27B85-A378-4D5E-9BCA-0389C25FA9CA}.Release|x64.ActiveCfg = Release|x64
		{F9B27B85-A378-4D5E-9BCA-0389C25FA9CA}.Release|x64.Build.0 = Release|x64
		{F9B27B85-A378-4D5E-9BCA-0389C25FA9CA}.Release|x64.Deploy.0 = Release|x64
		{F9B27B85-A378-4D5E-9BCA-0389C25FA9CA}.Release|x86.ActiveCfg = Release|x86
		{F9B27B85-A378-4D5E-9BCA-0389C25FA9CA}.Release|x86.Build.0 = Release|x86
		{F9B27B85-A378-4D5E-9BCA-0389C25FA9CA}.Release|x86.Deploy.0 = Release|x86
	EndGlobalSection
	GlobalSection(SolutionProperties) = preSolution
		HideSolutionNode = FALSE
	EndGlobalSection
EndGlobal
